
Microsoft Visual Studio Solution File, Format Version 12.00
# Visual Studio Version 17
VisualStudioVersion = 17.0.31912.275
MinimumVisualStudioVersion = 10.0.40219.1
Project("{FAE04EC0-301F-11D3-BF4B-00C04F79EFBC}") = "test", "test\test.csproj", "{70604C9B-95A1-4B4A-8E02-8D2324B0CB2F}"
EndProject
Global
	GlobalSection(SolutionConfigurationPlatforms) = preSolution
		Debug|Any CPU = Debug|Any CPU
		Release|Any CPU = Release|Any CPU
	EndGlobalSection
	GlobalSection(ProjectConfigurationPlatforms) = postSolution
		{70604C9B-95A1-4B4A-8E02-8D2324B0CB2F}.Debug|Any CPU.ActiveCfg = Debug|Any CPU
		{70604C9B-95A1-4B4A-8E02-8D2324B0CB2F}.Debug|Any CPU.Build.0 = Debug|Any CPU
		{70604C9B-95A1-4B4A-8E02-8D2324B0CB2F}.Release|Any CPU.ActiveCfg = Release|Any CPU
		{70604C9B-95A1-4B4A-8E02-8D2324B0CB2F}.Release|Any CPU.Build.0 = Release|Any CPU
	EndGlobalSection
	GlobalSection(SolutionProperties) = preSolution
		HideSolutionNode = FALSE
	EndGlobalSection
	GlobalSection(ExtensibilityGlobals) = postSolution
		SolutionGuid = {EC3787DF-6826-4053-8178-61C1AA761DD5}
	EndGlobalSection
EndGlobal
